
Microsoft Visual Studio Solution File, Format Version 12.00
# Visual Studio Version 17
VisualStudioVersion = 17.2.32516.85
MinimumVisualStudioVersion = 10.0.40219.1
Project("{FAE04EC0-301F-11D3-BF4B-00C04F79EFBC}") = "Ideals Test Project", "Ideals Test Project\Ideals Test Project.csproj", "{D0A55D4B-48C7-4796-8BBE-1EBDF48C0918}"
EndProject
Project("{2150E333-8FDC-42A3-9474-1A3956D46DE8}") = "Solution Items", "Solution Items", "{BCEB166D-0255-4C74-9D9D-A1F409FC63B2}"
	ProjectSection(SolutionItems) = preProject
		AssemblyInfo.cs = AssemblyInfo.cs
	EndProjectSection
EndProject
Global
	GlobalSection(SolutionConfigurationPlatforms) = preSolution
		Debug|Any CPU = Debug|Any CPU
		Release|Any CPU = Release|Any CPU
	EndGlobalSection
	GlobalSection(ProjectConfigurationPlatforms) = postSolution
		{D0A55D4B-48C7-4796-8BBE-1EBDF48C0918}.Debug|Any CPU.ActiveCfg = Debug|Any CPU
		{D0A55D4B-48C7-4796-8BBE-1EBDF48C0918}.Debug|Any CPU.Build.0 = Debug|Any CPU
		{D0A55D4B-48C7-4796-8BBE-1EBDF48C0918}.Release|Any CPU.ActiveCfg = Release|Any CPU
		{D0A55D4B-48C7-4796-8BBE-1EBDF48C0918}.Release|Any CPU.Build.0 = Release|Any CPU
	EndGlobalSection
	GlobalSection(SolutionProperties) = preSolution
		HideSolutionNode = FALSE
	EndGlobalSection
	GlobalSection(ExtensibilityGlobals) = postSolution
		SolutionGuid = {CC2871A8-27A4-4510-8A1A-5BACE6F3AFC6}
	EndGlobalSection
EndGlobal
